// !$*UTF8*$!
{
	archiveVersion = 1;
	classes = {
	};
	objectVersion = 46;
	objects = {

/* Begin PBXBuildFile section */
		2D0CFB7432714E7E1D9CDE00 /* Pods_MapsIntagrationUITests.framework in Frameworks */ = {isa = PBXBuildFile; fileRef = 88259F99416BAEDA62723791 /* Pods_MapsIntagrationUITests.framework */; };
		6C908F9257C5EC83F87D2D69 /* Pods_MapsIntagrationTests.framework in Frameworks */ = {isa = PBXBuildFile; fileRef = 0C6EE630675A8227A36C5B09 /* Pods_MapsIntagrationTests.framework */; };
		EE0FD3041F6279ED00E3A123 /* GooglePlaceMarkerInfo.xib in Resources */ = {isa = PBXBuildFile; fileRef = EE0FD3031F6279ED00E3A123 /* GooglePlaceMarkerInfo.xib */; };
		EE0FD3061F627B0300E3A123 /* GooglePlaceMarkerInfo.swift in Sources */ = {isa = PBXBuildFile; fileRef = EE0FD3051F627B0300E3A123 /* GooglePlaceMarkerInfo.swift */; };
		EE1F8BE31F6108A9001D473C /* AppDelegate.swift in Sources */ = {isa = PBXBuildFile; fileRef = EE1F8BE21F6108A9001D473C /* AppDelegate.swift */; };
		EE1F8BE81F6108A9001D473C /* Main.storyboard in Resources */ = {isa = PBXBuildFile; fileRef = EE1F8BE61F6108A9001D473C /* Main.storyboard */; };
		EE1F8BEA1F6108A9001D473C /* Assets.xcassets in Resources */ = {isa = PBXBuildFile; fileRef = EE1F8BE91F6108A9001D473C /* Assets.xcassets */; };
		EE1F8BED1F6108A9001D473C /* LaunchScreen.storyboard in Resources */ = {isa = PBXBuildFile; fileRef = EE1F8BEB1F6108A9001D473C /* LaunchScreen.storyboard */; };
		EE1F8BF81F6108AA001D473C /* MapsIntagrationTests.swift in Sources */ = {isa = PBXBuildFile; fileRef = EE1F8BF71F6108AA001D473C /* MapsIntagrationTests.swift */; };
		EE1F8C031F6108AA001D473C /* MapsIntagrationUITests.swift in Sources */ = {isa = PBXBuildFile; fileRef = EE1F8C021F6108AA001D473C /* MapsIntagrationUITests.swift */; };
		EE1F8C151F6110A5001D473C /* LoginViewController.swift in Sources */ = {isa = PBXBuildFile; fileRef = EE1F8C141F6110A5001D473C /* LoginViewController.swift */; };
		EE1F8C1B1F61117E001D473C /* GoogleMaps.storyboard in Resources */ = {isa = PBXBuildFile; fileRef = EE1F8C191F61117E001D473C /* GoogleMaps.storyboard */; };
		EE1F8C1E1F6117C7001D473C /* IgnorePlist.plist in Resources */ = {isa = PBXBuildFile; fileRef = EE1F8C1D1F6117C6001D473C /* IgnorePlist.plist */; };
		EE1F8C201F612C1F001D473C /* MapViewController.swift in Sources */ = {isa = PBXBuildFile; fileRef = EE1F8C1F1F612C1F001D473C /* MapViewController.swift */; };
		EE1F8C221F612DBE001D473C /* RouteListViewController.swift in Sources */ = {isa = PBXBuildFile; fileRef = EE1F8C211F612DBE001D473C /* RouteListViewController.swift */; };
		EE1F8C241F613327001D473C /* CoreLocation.framework in Frameworks */ = {isa = PBXBuildFile; fileRef = EE1F8C231F613327001D473C /* CoreLocation.framework */; };
		EEDA46281F62A33B00B14CAC /* MapMainViewController.swift in Sources */ = {isa = PBXBuildFile; fileRef = EEDA46271F62A33B00B14CAC /* MapMainViewController.swift */; };
		F531586188B5E94B5C246B0E /* Pods_MapsIntagration.framework in Frameworks */ = {isa = PBXBuildFile; fileRef = 481F93682692724B67FF4A0E /* Pods_MapsIntagration.framework */; };
/* End PBXBuildFile section */

/* Begin PBXContainerItemProxy section */
		EE1F8BF41F6108AA001D473C /* PBXContainerItemProxy */ = {
			isa = PBXContainerItemProxy;
			containerPortal = EE1F8BD71F6108A9001D473C /* Project object */;
			proxyType = 1;
			remoteGlobalIDString = EE1F8BDE1F6108A9001D473C;
			remoteInfo = MapsIntagration;
		};
		EE1F8BFF1F6108AA001D473C /* PBXContainerItemProxy */ = {
			isa = PBXContainerItemProxy;
			containerPortal = EE1F8BD71F6108A9001D473C /* Project object */;
			proxyType = 1;
			remoteGlobalIDString = EE1F8BDE1F6108A9001D473C;
			remoteInfo = MapsIntagration;
		};
/* End PBXContainerItemProxy section */

/* Begin PBXFileReference section */
		05BFF8D14A1861792BF7DDA7 /* Pods-MapsIntagrationUITests.debug.xcconfig */ = {isa = PBXFileReference; includeInIndex = 1; lastKnownFileType = text.xcconfig; name = "Pods-MapsIntagrationUITests.debug.xcconfig"; path = "Pods/Target Support Files/Pods-MapsIntagrationUITests/Pods-MapsIntagrationUITests.debug.xcconfig"; sourceTree = "<group>"; };
		0C6EE630675A8227A36C5B09 /* Pods_MapsIntagrationTests.framework */ = {isa = PBXFileReference; explicitFileType = wrapper.framework; includeInIndex = 0; path = Pods_MapsIntagrationTests.framework; sourceTree = BUILT_PRODUCTS_DIR; };
		0CE55DFF8F298F8EBC47C968 /* Pods-MapsIntagration.debug.xcconfig */ = {isa = PBXFileReference; includeInIndex = 1; lastKnownFileType = text.xcconfig; name = "Pods-MapsIntagration.debug.xcconfig"; path = "Pods/Target Support Files/Pods-MapsIntagration/Pods-MapsIntagration.debug.xcconfig"; sourceTree = "<group>"; };
		2B98293B744EE81CE8CB462B /* Pods-MapsIntagrationTests.debug.xcconfig */ = {isa = PBXFileReference; includeInIndex = 1; lastKnownFileType = text.xcconfig; name = "Pods-MapsIntagrationTests.debug.xcconfig"; path = "Pods/Target Support Files/Pods-MapsIntagrationTests/Pods-MapsIntagrationTests.debug.xcconfig"; sourceTree = "<group>"; };
		481F93682692724B67FF4A0E /* Pods_MapsIntagration.framework */ = {isa = PBXFileReference; explicitFileType = wrapper.framework; includeInIndex = 0; path = Pods_MapsIntagration.framework; sourceTree = BUILT_PRODUCTS_DIR; };
		4AE7A68B9F4D5C040CC7D368 /* Pods-MapsIntagrationUITests.release.xcconfig */ = {isa = PBXFileReference; includeInIndex = 1; lastKnownFileType = text.xcconfig; name = "Pods-MapsIntagrationUITests.release.xcconfig"; path = "Pods/Target Support Files/Pods-MapsIntagrationUITests/Pods-MapsIntagrationUITests.release.xcconfig"; sourceTree = "<group>"; };
		88259F99416BAEDA62723791 /* Pods_MapsIntagrationUITests.framework */ = {isa = PBXFileReference; explicitFileType = wrapper.framework; includeInIndex = 0; path = Pods_MapsIntagrationUITests.framework; sourceTree = BUILT_PRODUCTS_DIR; };
		D0568C35345637B56758FB7E /* Pods-MapsIntagration.release.xcconfig */ = {isa = PBXFileReference; includeInIndex = 1; lastKnownFileType = text.xcconfig; name = "Pods-MapsIntagration.release.xcconfig"; path = "Pods/Target Support Files/Pods-MapsIntagration/Pods-MapsIntagration.release.xcconfig"; sourceTree = "<group>"; };
		D6BBEA969321C7CE2E668069 /* Pods-MapsIntagrationTests.release.xcconfig */ = {isa = PBXFileReference; includeInIndex = 1; lastKnownFileType = text.xcconfig; name = "Pods-MapsIntagrationTests.release.xcconfig"; path = "Pods/Target Support Files/Pods-MapsIntagrationTests/Pods-MapsIntagrationTests.release.xcconfig"; sourceTree = "<group>"; };
		EE0FD3031F6279ED00E3A123 /* GooglePlaceMarkerInfo.xib */ = {isa = PBXFileReference; fileEncoding = 4; lastKnownFileType = file.xib; name = GooglePlaceMarkerInfo.xib; path = Custom_Xib/GooglePlaceMarkerInfo.xib; sourceTree = "<group>"; };
		EE0FD3051F627B0300E3A123 /* GooglePlaceMarkerInfo.swift */ = {isa = PBXFileReference; fileEncoding = 4; lastKnownFileType = sourcecode.swift; name = GooglePlaceMarkerInfo.swift; path = Custom_Xib/GooglePlaceMarkerInfo.swift; sourceTree = "<group>"; };
		EE1F8BDF1F6108A9001D473C /* MapsIntagration.app */ = {isa = PBXFileReference; explicitFileType = wrapper.application; includeInIndex = 0; path = MapsIntagration.app; sourceTree = BUILT_PRODUCTS_DIR; };
		EE1F8BE21F6108A9001D473C /* AppDelegate.swift */ = {isa = PBXFileReference; lastKnownFileType = sourcecode.swift; path = AppDelegate.swift; sourceTree = "<group>"; };
		EE1F8BE71F6108A9001D473C /* Base */ = {isa = PBXFileReference; lastKnownFileType = file.storyboard; name = Base; path = Base.lproj/Main.storyboard; sourceTree = "<group>"; };
		EE1F8BE91F6108A9001D473C /* Assets.xcassets */ = {isa = PBXFileReference; lastKnownFileType = folder.assetcatalog; path = Assets.xcassets; sourceTree = "<group>"; };
		EE1F8BEC1F6108A9001D473C /* Base */ = {isa = PBXFileReference; lastKnownFileType = file.storyboard; name = Base; path = Base.lproj/LaunchScreen.storyboard; sourceTree = "<group>"; };
		EE1F8BEE1F6108A9001D473C /* Info.plist */ = {isa = PBXFileReference; lastKnownFileType = text.plist.xml; path = Info.plist; sourceTree = "<group>"; };
		EE1F8BF31F6108AA001D473C /* MapsIntagrationTests.xctest */ = {isa = PBXFileReference; explicitFileType = wrapper.cfbundle; includeInIndex = 0; path = MapsIntagrationTests.xctest; sourceTree = BUILT_PRODUCTS_DIR; };
		EE1F8BF71F6108AA001D473C /* MapsIntagrationTests.swift */ = {isa = PBXFileReference; lastKnownFileType = sourcecode.swift; path = MapsIntagrationTests.swift; sourceTree = "<group>"; };
		EE1F8BF91F6108AA001D473C /* Info.plist */ = {isa = PBXFileReference; lastKnownFileType = text.plist.xml; path = Info.plist; sourceTree = "<group>"; };
		EE1F8BFE1F6108AA001D473C /* MapsIntagrationUITests.xctest */ = {isa = PBXFileReference; explicitFileType = wrapper.cfbundle; includeInIndex = 0; path = MapsIntagrationUITests.xctest; sourceTree = BUILT_PRODUCTS_DIR; };
		EE1F8C021F6108AA001D473C /* MapsIntagrationUITests.swift */ = {isa = PBXFileReference; lastKnownFileType = sourcecode.swift; path = MapsIntagrationUITests.swift; sourceTree = "<group>"; };
		EE1F8C041F6108AA001D473C /* Info.plist */ = {isa = PBXFileReference; lastKnownFileType = text.plist.xml; path = Info.plist; sourceTree = "<group>"; };
		EE1F8C141F6110A5001D473C /* LoginViewController.swift */ = {isa = PBXFileReference; fileEncoding = 4; lastKnownFileType = sourcecode.swift; name = LoginViewController.swift; path = "Class/LoginViewController /LoginViewController.swift"; sourceTree = "<group>"; };
		EE1F8C1A1F61117E001D473C /* Base */ = {isa = PBXFileReference; lastKnownFileType = file.storyboard; name = Base; path = MapsIntagration/Base.lproj/GoogleMaps.storyboard; sourceTree = "<group>"; };
		EE1F8C1D1F6117C6001D473C /* IgnorePlist.plist */ = {isa = PBXFileReference; fileEncoding = 4; lastKnownFileType = text.plist.xml; path = IgnorePlist.plist; sourceTree = "<group>"; };
		EE1F8C1F1F612C1F001D473C /* MapViewController.swift */ = {isa = PBXFileReference; fileEncoding = 4; lastKnownFileType = sourcecode.swift; name = MapViewController.swift; path = Class/MapViewController/MapViewController.swift; sourceTree = "<group>"; };
		EE1F8C211F612DBE001D473C /* RouteListViewController.swift */ = {isa = PBXFileReference; fileEncoding = 4; lastKnownFileType = sourcecode.swift; name = RouteListViewController.swift; path = Class/MapViewController/RouteListViewController.swift; sourceTree = "<group>"; };
		EE1F8C231F613327001D473C /* CoreLocation.framework */ = {isa = PBXFileReference; lastKnownFileType = wrapper.framework; name = CoreLocation.framework; path = System/Library/Frameworks/CoreLocation.framework; sourceTree = SDKROOT; };
		EEDA46271F62A33B00B14CAC /* MapMainViewController.swift */ = {isa = PBXFileReference; fileEncoding = 4; lastKnownFileType = sourcecode.swift; name = MapMainViewController.swift; path = Class/MapViewController/MapMainViewController.swift; sourceTree = "<group>"; };
/* End PBXFileReference section */

/* Begin PBXFrameworksBuildPhase section */
		EE1F8BDC1F6108A9001D473C /* Frameworks */ = {
			isa = PBXFrameworksBuildPhase;
			buildActionMask = 2147483647;
			files = (
				EE1F8C241F613327001D473C /* CoreLocation.framework in Frameworks */,
				F531586188B5E94B5C246B0E /* Pods_MapsIntagration.framework in Frameworks */,
			);
			runOnlyForDeploymentPostprocessing = 0;
		};
		EE1F8BF01F6108AA001D473C /* Frameworks */ = {
			isa = PBXFrameworksBuildPhase;
			buildActionMask = 2147483647;
			files = (
				6C908F9257C5EC83F87D2D69 /* Pods_MapsIntagrationTests.framework in Frameworks */,
			);
			runOnlyForDeploymentPostprocessing = 0;
		};
		EE1F8BFB1F6108AA001D473C /* Frameworks */ = {
			isa = PBXFrameworksBuildPhase;
			buildActionMask = 2147483647;
			files = (
				2D0CFB7432714E7E1D9CDE00 /* Pods_MapsIntagrationUITests.framework in Frameworks */,
			);
			runOnlyForDeploymentPostprocessing = 0;
		};
/* End PBXFrameworksBuildPhase section */

/* Begin PBXGroup section */
		B25E8B021E31A4CEB65B556D /* Pods */ = {
			isa = PBXGroup;
			children = (
				0CE55DFF8F298F8EBC47C968 /* Pods-MapsIntagration.debug.xcconfig */,
				D0568C35345637B56758FB7E /* Pods-MapsIntagration.release.xcconfig */,
				2B98293B744EE81CE8CB462B /* Pods-MapsIntagrationTests.debug.xcconfig */,
				D6BBEA969321C7CE2E668069 /* Pods-MapsIntagrationTests.release.xcconfig */,
				05BFF8D14A1861792BF7DDA7 /* Pods-MapsIntagrationUITests.debug.xcconfig */,
				4AE7A68B9F4D5C040CC7D368 /* Pods-MapsIntagrationUITests.release.xcconfig */,
			);
			name = Pods;
			sourceTree = "<group>";
		};
		CF02BD88DDD75522B2F744FA /* Frameworks */ = {
			isa = PBXGroup;
			children = (
				EE1F8C231F613327001D473C /* CoreLocation.framework */,
				481F93682692724B67FF4A0E /* Pods_MapsIntagration.framework */,
				0C6EE630675A8227A36C5B09 /* Pods_MapsIntagrationTests.framework */,
				88259F99416BAEDA62723791 /* Pods_MapsIntagrationUITests.framework */,
			);
			name = Frameworks;
			sourceTree = "<group>";
		};
		EE0FD3021F62798100E3A123 /* Xib */ = {
			isa = PBXGroup;
			children = (
				EE0FD3031F6279ED00E3A123 /* GooglePlaceMarkerInfo.xib */,
			);
			name = Xib;
			sourceTree = "<group>";
		};
		EE1F8BD61F6108A9001D473C = {
			isa = PBXGroup;
			children = (
				EE1F8BE11F6108A9001D473C /* MapsIntagration */,
				EE1F8BF61F6108AA001D473C /* MapsIntagrationTests */,
				EE1F8C011F6108AA001D473C /* MapsIntagrationUITests */,
				EE1F8BE01F6108A9001D473C /* Products */,
				B25E8B021E31A4CEB65B556D /* Pods */,
				CF02BD88DDD75522B2F744FA /* Frameworks */,
			);
			sourceTree = "<group>";
		};
		EE1F8BE01F6108A9001D473C /* Products */ = {
			isa = PBXGroup;
			children = (
				EE1F8BDF1F6108A9001D473C /* MapsIntagration.app */,
				EE1F8BF31F6108AA001D473C /* MapsIntagrationTests.xctest */,
				EE1F8BFE1F6108AA001D473C /* MapsIntagrationUITests.xctest */,
			);
			name = Products;
			sourceTree = "<group>";
		};
		EE1F8BE11F6108A9001D473C /* MapsIntagration */ = {
			isa = PBXGroup;
			children = (
				EE1F8C101F610F39001D473C /* AppDelegate */,
				EE1F8C131F610FC6001D473C /* Class */,
				EE1F8C111F610F5D001D473C /* Assets */,
				EE1F8C121F610F6F001D473C /* Support_File */,
			);
			path = MapsIntagration;
			sourceTree = "<group>";
		};
		EE1F8BF61F6108AA001D473C /* MapsIntagrationTests */ = {
			isa = PBXGroup;
			children = (
				EE1F8BF71F6108AA001D473C /* MapsIntagrationTests.swift */,
				EE1F8BF91F6108AA001D473C /* Info.plist */,
			);
			path = MapsIntagrationTests;
			sourceTree = "<group>";
		};
		EE1F8C011F6108AA001D473C /* MapsIntagrationUITests */ = {
			isa = PBXGroup;
			children = (
				EE1F8C021F6108AA001D473C /* MapsIntagrationUITests.swift */,
				EE1F8C041F6108AA001D473C /* Info.plist */,
			);
			path = MapsIntagrationUITests;
			sourceTree = "<group>";
		};
		EE1F8C101F610F39001D473C /* AppDelegate */ = {
			isa = PBXGroup;
			children = (
				EE1F8BE21F6108A9001D473C /* AppDelegate.swift */,
			);
			name = AppDelegate;
			sourceTree = "<group>";
		};
		EE1F8C111F610F5D001D473C /* Assets */ = {
			isa = PBXGroup;
			children = (
				EE1F8BE91F6108A9001D473C /* Assets.xcassets */,
				EE1F8C161F6110BD001D473C /* Storyboard */,
				EE0FD3021F62798100E3A123 /* Xib */,
			);
			name = Assets;
			sourceTree = "<group>";
		};
		EE1F8C121F610F6F001D473C /* Support_File */ = {
			isa = PBXGroup;
			children = (
				EE1F8C1D1F6117C6001D473C /* IgnorePlist.plist */,
				EE1F8BEE1F6108A9001D473C /* Info.plist */,
			);
			name = Support_File;
			sourceTree = "<group>";
		};
		EE1F8C131F610FC6001D473C /* Class */ = {
			isa = PBXGroup;
			children = (
				EE1F8C141F6110A5001D473C /* LoginViewController.swift */,
				EE1F8C211F612DBE001D473C /* RouteListViewController.swift */,
				EEDA462A1F62A42000B14CAC /* Googlemaps */,
			);
			name = Class;
			sourceTree = "<group>";
		};
		EE1F8C161F6110BD001D473C /* Storyboard */ = {
			isa = PBXGroup;
			children = (
				EE1F8BEB1F6108A9001D473C /* LaunchScreen.storyboard */,
				EE1F8BE61F6108A9001D473C /* Main.storyboard */,
				EE1F8C191F61117E001D473C /* GoogleMaps.storyboard */,
			);
			name = Storyboard;
			sourceTree = "<group>";
		};
		EEDA462A1F62A42000B14CAC /* Googlemaps */ = {
			isa = PBXGroup;
			children = (
				EE1F8C1F1F612C1F001D473C /* MapViewController.swift */,
				EEDA46271F62A33B00B14CAC /* MapMainViewController.swift */,
				EE0FD3051F627B0300E3A123 /* GooglePlaceMarkerInfo.swift */,
			);
			name = Googlemaps;
			sourceTree = "<group>";
		};
/* End PBXGroup section */

/* Begin PBXNativeTarget section */
		EE1F8BDE1F6108A9001D473C /* MapsIntagration */ = {
			isa = PBXNativeTarget;
			buildConfigurationList = EE1F8C071F6108AA001D473C /* Build configuration list for PBXNativeTarget "MapsIntagration" */;
			buildPhases = (
				9657CED019D74927449C940C /* [CP] Check Pods Manifest.lock */,
				EE1F8BDB1F6108A9001D473C /* Sources */,
				EE1F8BDC1F6108A9001D473C /* Frameworks */,
				EE1F8BDD1F6108A9001D473C /* Resources */,
				8E825F817251FCB5E172FD6F /* [CP] Embed Pods Frameworks */,
				2346F4F77E2047C19055BC07 /* [CP] Copy Pods Resources */,
			);
			buildRules = (
			);
			dependencies = (
			);
			name = MapsIntagration;
			productName = MapsIntagration;
			productReference = EE1F8BDF1F6108A9001D473C /* MapsIntagration.app */;
			productType = "com.apple.product-type.application";
		};
		EE1F8BF21F6108AA001D473C /* MapsIntagrationTests */ = {
			isa = PBXNativeTarget;
			buildConfigurationList = EE1F8C0A1F6108AA001D473C /* Build configuration list for PBXNativeTarget "MapsIntagrationTests" */;
			buildPhases = (
				DCEE52448060BCB49F286BCD /* [CP] Check Pods Manifest.lock */,
				EE1F8BEF1F6108AA001D473C /* Sources */,
				EE1F8BF01F6108AA001D473C /* Frameworks */,
				EE1F8BF11F6108AA001D473C /* Resources */,
				BA007ED92EE2B06A18758621 /* [CP] Embed Pods Frameworks */,
				A2CE1C48228D3F23A215D6FF /* [CP] Copy Pods Resources */,
			);
			buildRules = (
			);
			dependencies = (
				EE1F8BF51F6108AA001D473C /* PBXTargetDependency */,
			);
			name = MapsIntagrationTests;
			productName = MapsIntagrationTests;
			productReference = EE1F8BF31F6108AA001D473C /* MapsIntagrationTests.xctest */;
			productType = "com.apple.product-type.bundle.unit-test";
		};
		EE1F8BFD1F6108AA001D473C /* MapsIntagrationUITests */ = {
			isa = PBXNativeTarget;
			buildConfigurationList = EE1F8C0D1F6108AA001D473C /* Build configuration list for PBXNativeTarget "MapsIntagrationUITests" */;
			buildPhases = (
				1BC5EE48B3C61F48B19A1298 /* [CP] Check Pods Manifest.lock */,
				EE1F8BFA1F6108AA001D473C /* Sources */,
				EE1F8BFB1F6108AA001D473C /* Frameworks */,
				EE1F8BFC1F6108AA001D473C /* Resources */,
				8E8700AE6FBD7188E9D59322 /* [CP] Embed Pods Frameworks */,
				504376FA74DE3E03AADC59A9 /* [CP] Copy Pods Resources */,
			);
			buildRules = (
			);
			dependencies = (
				EE1F8C001F6108AA001D473C /* PBXTargetDependency */,
			);
			name = MapsIntagrationUITests;
			productName = MapsIntagrationUITests;
			productReference = EE1F8BFE1F6108AA001D473C /* MapsIntagrationUITests.xctest */;
			productType = "com.apple.product-type.bundle.ui-testing";
		};
/* End PBXNativeTarget section */

/* Begin PBXProject section */
		EE1F8BD71F6108A9001D473C /* Project object */ = {
			isa = PBXProject;
			attributes = {
				LastSwiftUpdateCheck = 0830;
				LastUpgradeCheck = 0830;
				ORGANIZATIONNAME = "Omnipro Technologies";
				TargetAttributes = {
					EE1F8BDE1F6108A9001D473C = {
						CreatedOnToolsVersion = 8.3.3;
						ProvisioningStyle = Automatic;
					};
					EE1F8BF21F6108AA001D473C = {
						CreatedOnToolsVersion = 8.3.3;
						ProvisioningStyle = Automatic;
						TestTargetID = EE1F8BDE1F6108A9001D473C;
					};
					EE1F8BFD1F6108AA001D473C = {
						CreatedOnToolsVersion = 8.3.3;
						ProvisioningStyle = Automatic;
						TestTargetID = EE1F8BDE1F6108A9001D473C;
					};
				};
			};
			buildConfigurationList = EE1F8BDA1F6108A9001D473C /* Build configuration list for PBXProject "MapsIntagration" */;
			compatibilityVersion = "Xcode 3.2";
			developmentRegion = English;
			hasScannedForEncodings = 0;
			knownRegions = (
				en,
				Base,
			);
			mainGroup = EE1F8BD61F6108A9001D473C;
			productRefGroup = EE1F8BE01F6108A9001D473C /* Products */;
			projectDirPath = "";
			projectRoot = "";
			targets = (
				EE1F8BDE1F6108A9001D473C /* MapsIntagration */,
				EE1F8BF21F6108AA001D473C /* MapsIntagrationTests */,
				EE1F8BFD1F6108AA001D473C /* MapsIntagrationUITests */,
			);
		};
/* End PBXProject section */

/* Begin PBXResourcesBuildPhase section */
		EE1F8BDD1F6108A9001D473C /* Resources */ = {
			isa = PBXResourcesBuildPhase;
			buildActionMask = 2147483647;
			files = (
				EE0FD3041F6279ED00E3A123 /* GooglePlaceMarkerInfo.xib in Resources */,
				EE1F8BED1F6108A9001D473C /* LaunchScreen.storyboard in Resources */,
				EE1F8BEA1F6108A9001D473C /* Assets.xcassets in Resources */,
				EE1F8C1B1F61117E001D473C /* GoogleMaps.storyboard in Resources */,
				EE1F8BE81F6108A9001D473C /* Main.storyboard in Resources */,
				EE1F8C1E1F6117C7001D473C /* IgnorePlist.plist in Resources */,
			);
			runOnlyForDeploymentPostprocessing = 0;
		};
		EE1F8BF11F6108AA001D473C /* Resources */ = {
			isa = PBXResourcesBuildPhase;
			buildActionMask = 2147483647;
			files = (
			);
			runOnlyForDeploymentPostprocessing = 0;
		};
		EE1F8BFC1F6108AA001D473C /* Resources */ = {
			isa = PBXResourcesBuildPhase;
			buildActionMask = 2147483647;
			files = (
			);
			runOnlyForDeploymentPostprocessing = 0;
		};
/* End PBXResourcesBuildPhase section */

/* Begin PBXShellScriptBuildPhase section */
		1BC5EE48B3C61F48B19A1298 /* [CP] Check Pods Manifest.lock */ = {
			isa = PBXShellScriptBuildPhase;
			buildActionMask = 2147483647;
			files = (
			);
			inputPaths = (
				"${PODS_PODFILE_DIR_PATH}/Podfile.lock",
				"${PODS_ROOT}/Manifest.lock",
			);
			name = "[CP] Check Pods Manifest.lock";
			outputPaths = (
				"$(DERIVED_FILE_DIR)/Pods-MapsIntagrationUITests-checkManifestLockResult.txt",
			);
			runOnlyForDeploymentPostprocessing = 0;
			shellPath = /bin/sh;
			shellScript = "diff \"${PODS_PODFILE_DIR_PATH}/Podfile.lock\" \"${PODS_ROOT}/Manifest.lock\" > /dev/null\nif [ $? != 0 ] ; then\n    # print error to STDERR\n    echo \"error: The sandbox is not in sync with the Podfile.lock. Run 'pod install' or update your CocoaPods installation.\" >&2\n    exit 1\nfi\n# This output is used by Xcode 'outputs' to avoid re-running this script phase.\necho \"SUCCESS\" > \"${SCRIPT_OUTPUT_FILE_0}\"\n";
			showEnvVarsInLog = 0;
		};
		2346F4F77E2047C19055BC07 /* [CP] Copy Pods Resources */ = {
			isa = PBXShellScriptBuildPhase;
			buildActionMask = 2147483647;
			files = (
			);
			inputPaths = (
				"${SRCROOT}/Pods/Target Support Files/Pods-MapsIntagration/Pods-MapsIntagration-resources.sh",
				"${PODS_ROOT}/GoogleMaps/Maps/Frameworks/GoogleMaps.framework/Resources/GoogleMaps.bundle",
				"${PODS_ROOT}/GooglePlaces/Frameworks/GooglePlaces.framework/Resources/GooglePlaces.bundle",
			);
			name = "[CP] Copy Pods Resources";
			outputPaths = (
				"${TARGET_BUILD_DIR}/${UNLOCALIZED_RESOURCES_FOLDER_PATH}",
			);
			runOnlyForDeploymentPostprocessing = 0;
			shellPath = /bin/sh;
			shellScript = "\"${SRCROOT}/Pods/Target Support Files/Pods-MapsIntagration/Pods-MapsIntagration-resources.sh\"\n";
			showEnvVarsInLog = 0;
		};
		504376FA74DE3E03AADC59A9 /* [CP] Copy Pods Resources */ = {
			isa = PBXShellScriptBuildPhase;
			buildActionMask = 2147483647;
			files = (
			);
			inputPaths = (
			);
			name = "[CP] Copy Pods Resources";
			outputPaths = (
			);
			runOnlyForDeploymentPostprocessing = 0;
			shellPath = /bin/sh;
			shellScript = "\"${SRCROOT}/Pods/Target Support Files/Pods-MapsIntagrationUITests/Pods-MapsIntagrationUITests-resources.sh\"\n";
			showEnvVarsInLog = 0;
		};
		8E825F817251FCB5E172FD6F /* [CP] Embed Pods Frameworks */ = {
			isa = PBXShellScriptBuildPhase;
			buildActionMask = 2147483647;
			files = (
			);
			inputPaths = (
			);
			name = "[CP] Embed Pods Frameworks";
			outputPaths = (
			);
			runOnlyForDeploymentPostprocessing = 0;
			shellPath = /bin/sh;
			shellScript = "\"${SRCROOT}/Pods/Target Support Files/Pods-MapsIntagration/Pods-MapsIntagration-frameworks.sh\"\n";
			showEnvVarsInLog = 0;
		};
		8E8700AE6FBD7188E9D59322 /* [CP] Embed Pods Frameworks */ = {
			isa = PBXShellScriptBuildPhase;
			buildActionMask = 2147483647;
			files = (
			);
			inputPaths = (
			);
			name = "[CP] Embed Pods Frameworks";
			outputPaths = (
			);
			runOnlyForDeploymentPostprocessing = 0;
			shellPath = /bin/sh;
			shellScript = "\"${SRCROOT}/Pods/Target Support Files/Pods-MapsIntagrationUITests/Pods-MapsIntagrationUITests-frameworks.sh\"\n";
			showEnvVarsInLog = 0;
		};
		9657CED019D74927449C940C /* [CP] Check Pods Manifest.lock */ = {
			isa = PBXShellScriptBuildPhase;
			buildActionMask = 2147483647;
			files = (
			);
			inputPaths = (
				"${PODS_PODFILE_DIR_PATH}/Podfile.lock",
				"${PODS_ROOT}/Manifest.lock",
			);
			name = "[CP] Check Pods Manifest.lock";
			outputPaths = (
				"$(DERIVED_FILE_DIR)/Pods-MapsIntagration-checkManifestLockResult.txt",
			);
			runOnlyForDeploymentPostprocessing = 0;
			shellPath = /bin/sh;
			shellScript = "diff \"${PODS_PODFILE_DIR_PATH}/Podfile.lock\" \"${PODS_ROOT}/Manifest.lock\" > /dev/null\nif [ $? != 0 ] ; then\n    # print error to STDERR\n    echo \"error: The sandbox is not in sync with the Podfile.lock. Run 'pod install' or update your CocoaPods installation.\" >&2\n    exit 1\nfi\n# This output is used by Xcode 'outputs' to avoid re-running this script phase.\necho \"SUCCESS\" > \"${SCRIPT_OUTPUT_FILE_0}\"\n";
			showEnvVarsInLog = 0;
		};
		A2CE1C48228D3F23A215D6FF /* [CP] Copy Pods Resources */ = {
			isa = PBXShellScriptBuildPhase;
			buildActionMask = 2147483647;
			files = (
			);
			inputPaths = (
			);
			name = "[CP] Copy Pods Resources";
			outputPaths = (
			);
			runOnlyForDeploymentPostprocessing = 0;
			shellPath = /bin/sh;
			shellScript = "\"${SRCROOT}/Pods/Target Support Files/Pods-MapsIntagrationTests/Pods-MapsIntagrationTests-resources.sh\"\n";
			showEnvVarsInLog = 0;
		};
		BA007ED92EE2B06A18758621 /* [CP] Embed Pods Frameworks */ = {
			isa = PBXShellScriptBuildPhase;
			buildActionMask = 2147483647;
			files = (
			);
			inputPaths = (
			);
			name = "[CP] Embed Pods Frameworks";
			outputPaths = (
			);
			runOnlyForDeploymentPostprocessing = 0;
			shellPath = /bin/sh;
			shellScript = "\"${SRCROOT}/Pods/Target Support Files/Pods-MapsIntagrationTests/Pods-MapsIntagrationTests-frameworks.sh\"\n";
			showEnvVarsInLog = 0;
		};
		DCEE52448060BCB49F286BCD /* [CP] Check Pods Manifest.lock */ = {
			isa = PBXShellScriptBuildPhase;
			buildActionMask = 2147483647;
			files = (
			);
			inputPaths = (
				"${PODS_PODFILE_DIR_PATH}/Podfile.lock",
				"${PODS_ROOT}/Manifest.lock",
			);
			name = "[CP] Check Pods Manifest.lock";
			outputPaths = (
				"$(DERIVED_FILE_DIR)/Pods-MapsIntagrationTests-checkManifestLockResult.txt",
			);
			runOnlyForDeploymentPostprocessing = 0;
			shellPath = /bin/sh;
			shellScript = "diff \"${PODS_PODFILE_DIR_PATH}/Podfile.lock\" \"${PODS_ROOT}/Manifest.lock\" > /dev/null\nif [ $? != 0 ] ; then\n    # print error to STDERR\n    echo \"error: The sandbox is not in sync with the Podfile.lock. Run 'pod install' or update your CocoaPods installation.\" >&2\n    exit 1\nfi\n# This output is used by Xcode 'outputs' to avoid re-running this script phase.\necho \"SUCCESS\" > \"${SCRIPT_OUTPUT_FILE_0}\"\n";
			showEnvVarsInLog = 0;
		};
/* End PBXShellScriptBuildPhase section */

/* Begin PBXSourcesBuildPhase section */
		EE1F8BDB1F6108A9001D473C /* Sources */ = {
			isa = PBXSourcesBuildPhase;
			buildActionMask = 2147483647;
			files = (
				EEDA46281F62A33B00B14CAC /* MapMainViewController.swift in Sources */,
				EE1F8C151F6110A5001D473C /* LoginViewController.swift in Sources */,
				EE0FD3061F627B0300E3A123 /* GooglePlaceMarkerInfo.swift in Sources */,
				EE1F8C201F612C1F001D473C /* MapViewController.swift in Sources */,
				EE1F8C221F612DBE001D473C /* RouteListViewController.swift in Sources */,
				EE1F8BE31F6108A9001D473C /* AppDelegate.swift in Sources */,
			);
			runOnlyForDeploymentPostprocessing = 0;
		};
		EE1F8BEF1F6108AA001D473C /* Sources */ = {
			isa = PBXSourcesBuildPhase;
			buildActionMask = 2147483647;
			files = (
				EE1F8BF81F6108AA001D473C /* MapsIntagrationTests.swift in Sources */,
			);
			runOnlyForDeploymentPostprocessing = 0;
		};
		EE1F8BFA1F6108AA001D473C /* Sources */ = {
			isa = PBXSourcesBuildPhase;
			buildActionMask = 2147483647;
			files = (
				EE1F8C031F6108AA001D473C /* MapsIntagrationUITests.swift in Sources */,
			);
			runOnlyForDeploymentPostprocessing = 0;
		};
/* End PBXSourcesBuildPhase section */

/* Begin PBXTargetDependency section */
		EE1F8BF51F6108AA001D473C /* PBXTargetDependency */ = {
			isa = PBXTargetDependency;
			target = EE1F8BDE1F6108A9001D473C /* MapsIntagration */;
			targetProxy = EE1F8BF41F6108AA001D473C /* PBXContainerItemProxy */;
		};
		EE1F8C001F6108AA001D473C /* PBXTargetDependency */ = {
			isa = PBXTargetDependency;
			target = EE1F8BDE1F6108A9001D473C /* MapsIntagration */;
			targetProxy = EE1F8BFF1F6108AA001D473C /* PBXContainerItemProxy */;
		};
/* End PBXTargetDependency section */

/* Begin PBXVariantGroup section */
		EE1F8BE61F6108A9001D473C /* Main.storyboard */ = {
			isa = PBXVariantGroup;
			children = (
				EE1F8BE71F6108A9001D473C /* Base */,
			);
			name = Main.storyboard;
			sourceTree = "<group>";
		};
		EE1F8BEB1F6108A9001D473C /* LaunchScreen.storyboard */ = {
			isa = PBXVariantGroup;
			children = (
				EE1F8BEC1F6108A9001D473C /* Base */,
			);
			name = LaunchScreen.storyboard;
			sourceTree = "<group>";
		};
		EE1F8C191F61117E001D473C /* GoogleMaps.storyboard */ = {
			isa = PBXVariantGroup;
			children = (
				EE1F8C1A1F61117E001D473C /* Base */,
			);
			name = GoogleMaps.storyboard;
			path = ..;
			sourceTree = "<group>";
		};
/* End PBXVariantGroup section */

/* Begin XCBuildConfiguration section */
		EE1F8C051F6108AA001D473C /* Debug */ = {
			isa = XCBuildConfiguration;
			buildSettings = {
				ALWAYS_SEARCH_USER_PATHS = NO;
				CLANG_ANALYZER_NONNULL = YES;
				CLANG_ANALYZER_NUMBER_OBJECT_CONVERSION = YES_AGGRESSIVE;
				CLANG_CXX_LANGUAGE_STANDARD = "gnu++0x";
				CLANG_CXX_LIBRARY = "libc++";
				CLANG_ENABLE_MODULES = YES;
				CLANG_ENABLE_OBJC_ARC = YES;
				CLANG_WARN_BOOL_CONVERSION = YES;
				CLANG_WARN_CONSTANT_CONVERSION = YES;
				CLANG_WARN_DIRECT_OBJC_ISA_USAGE = YES_ERROR;
				CLANG_WARN_DOCUMENTATION_COMMENTS = YES;
				CLANG_WARN_EMPTY_BODY = YES;
				CLANG_WARN_ENUM_CONVERSION = YES;
				CLANG_WARN_INFINITE_RECURSION = YES;
				CLANG_WARN_INT_CONVERSION = YES;
				CLANG_WARN_OBJC_ROOT_CLASS = YES_ERROR;
				CLANG_WARN_SUSPICIOUS_MOVE = YES;
				CLANG_WARN_UNREACHABLE_CODE = YES;
				CLANG_WARN__DUPLICATE_METHOD_MATCH = YES;
				"CODE_SIGN_IDENTITY[sdk=iphoneos*]" = "iPhone Developer";
				COPY_PHASE_STRIP = NO;
				DEBUG_INFORMATION_FORMAT = dwarf;
				ENABLE_STRICT_OBJC_MSGSEND = YES;
				ENABLE_TESTABILITY = YES;
				GCC_C_LANGUAGE_STANDARD = gnu99;
				GCC_DYNAMIC_NO_PIC = NO;
				GCC_NO_COMMON_BLOCKS = YES;
				GCC_OPTIMIZATION_LEVEL = 0;
				GCC_PREPROCESSOR_DEFINITIONS = (
					"DEBUG=1",
					"$(inherited)",
				);
				GCC_WARN_64_TO_32_BIT_CONVERSION = YES;
				GCC_WARN_ABOUT_RETURN_TYPE = YES_ERROR;
				GCC_WARN_UNDECLARED_SELECTOR = YES;
				GCC_WARN_UNINITIALIZED_AUTOS = YES_AGGRESSIVE;
				GCC_WARN_UNUSED_FUNCTION = YES;
				GCC_WARN_UNUSED_VARIABLE = YES;
				IPHONEOS_DEPLOYMENT_TARGET = 10.3;
				MTL_ENABLE_DEBUG_INFO = YES;
				ONLY_ACTIVE_ARCH = YES;
				SDKROOT = iphoneos;
				SWIFT_ACTIVE_COMPILATION_CONDITIONS = DEBUG;
				SWIFT_OPTIMIZATION_LEVEL = "-Onone";
				TARGETED_DEVICE_FAMILY = "1,2";
			};
			name = Debug;
		};
		EE1F8C061F6108AA001D473C /* Release */ = {
			isa = XCBuildConfiguration;
			buildSettings = {
				ALWAYS_SEARCH_USER_PATHS = NO;
				CLANG_ANALYZER_NONNULL = YES;
				CLANG_ANALYZER_NUMBER_OBJECT_CONVERSION = YES_AGGRESSIVE;
				CLANG_CXX_LANGUAGE_STANDARD = "gnu++0x";
				CLANG_CXX_LIBRARY = "libc++";
				CLANG_ENABLE_MODULES = YES;
				CLANG_ENABLE_OBJC_ARC = YES;
				CLANG_WARN_BOOL_CONVERSION = YES;
				CLANG_WARN_CONSTANT_CONVERSION = YES;
				CLANG_WARN_DIRECT_OBJC_ISA_USAGE = YES_ERROR;
				CLANG_WARN_DOCUMENTATION_COMMENTS = YES;
				CLANG_WARN_EMPTY_BODY = YES;
				CLANG_WARN_ENUM_CONVERSION = YES;
				CLANG_WARN_INFINITE_RECURSION = YES;
				CLANG_WARN_INT_CONVERSION = YES;
				CLANG_WARN_OBJC_ROOT_CLASS = YES_ERROR;
				CLANG_WARN_SUSPICIOUS_MOVE = YES;
				CLANG_WARN_UNREACHABLE_CODE = YES;
				CLANG_WARN__DUPLICATE_METHOD_MATCH = YES;
				"CODE_SIGN_IDENTITY[sdk=iphoneos*]" = "iPhone Developer";
				COPY_PHASE_STRIP = NO;
				DEBUG_INFORMATION_FORMAT = "dwarf-with-dsym";
				ENABLE_NS_ASSERTIONS = NO;
				ENABLE_STRICT_OBJC_MSGSEND = YES;
				GCC_C_LANGUAGE_STANDARD = gnu99;
				GCC_NO_COMMON_BLOCKS = YES;
				GCC_WARN_64_TO_32_BIT_CONVERSION = YES;
				GCC_WARN_ABOUT_RETURN_TYPE = YES_ERROR;
				GCC_WARN_UNDECLARED_SELECTOR = YES;
				GCC_WARN_UNINITIALIZED_AUTOS = YES_AGGRESSIVE;
				GCC_WARN_UNUSED_FUNCTION = YES;
				GCC_WARN_UNUSED_VARIABLE = YES;
				IPHONEOS_DEPLOYMENT_TARGET = 10.3;
				MTL_ENABLE_DEBUG_INFO = NO;
				SDKROOT = iphoneos;
				SWIFT_OPTIMIZATION_LEVEL = "-Owholemodule";
				TARGETED_DEVICE_FAMILY = "1,2";
				VALIDATE_PRODUCT = YES;
			};
			name = Release;
		};
		EE1F8C081F6108AA001D473C /* Debug */ = {
			isa = XCBuildConfiguration;
			baseConfigurationReference = 0CE55DFF8F298F8EBC47C968 /* Pods-MapsIntagration.debug.xcconfig */;
			buildSettings = {
				ASSETCATALOG_COMPILER_APPICON_NAME = AppIcon;
				INFOPLIST_FILE = MapsIntagration/Info.plist;
				LD_RUNPATH_SEARCH_PATHS = "$(inherited) @executable_path/Frameworks";
				PRODUCT_BUNDLE_IDENTIFIER = omniprotech.com.MapsIntagration;
				PRODUCT_NAME = "$(TARGET_NAME)";
				SWIFT_VERSION = 3.0;
			};
			name = Debug;
		};
		EE1F8C091F6108AA001D473C /* Release */ = {
			isa = XCBuildConfiguration;
			baseConfigurationReference = D0568C35345637B56758FB7E /* Pods-MapsIntagration.release.xcconfig */;
			buildSettings = {
				ASSETCATALOG_COMPILER_APPICON_NAME = AppIcon;
				INFOPLIST_FILE = MapsIntagration/Info.plist;
				LD_RUNPATH_SEARCH_PATHS = "$(inherited) @executable_path/Frameworks";
				PRODUCT_BUNDLE_IDENTIFIER = omniprotech.com.MapsIntagration;
				PRODUCT_NAME = "$(TARGET_NAME)";
				SWIFT_VERSION = 3.0;
			};
			name = Release;
		};
		EE1F8C0B1F6108AA001D473C /* Debug */ = {
			isa = XCBuildConfiguration;
			baseConfigurationReference = 2B98293B744EE81CE8CB462B /* Pods-MapsIntagrationTests.debug.xcconfig */;
			buildSettings = {
				ALWAYS_EMBED_SWIFT_STANDARD_LIBRARIES = YES;
				BUNDLE_LOADER = "$(TEST_HOST)";
				INFOPLIST_FILE = MapsIntagrationTests/Info.plist;
				LD_RUNPATH_SEARCH_PATHS = "$(inherited) @executable_path/Frameworks @loader_path/Frameworks";
				PRODUCT_BUNDLE_IDENTIFIER = omniprotech.com.MapsIntagrationTests;
				PRODUCT_NAME = "$(TARGET_NAME)";
				SWIFT_VERSION = 3.0;
				TEST_HOST = "$(BUILT_PRODUCTS_DIR)/MapsIntagration.app/MapsIntagration";
			};
			name = Debug;
		};
		EE1F8C0C1F6108AA001D473C /* Release */ = {
			isa = XCBuildConfiguration;
			baseConfigurationReference = D6BBEA969321C7CE2E668069 /* Pods-MapsIntagrationTests.release.xcconfig */;
			buildSettings = {
				ALWAYS_EMBED_SWIFT_STANDARD_LIBRARIES = YES;
				BUNDLE_LOADER = "$(TEST_HOST)";
				INFOPLIST_FILE = MapsIntagrationTests/Info.plist;
				LD_RUNPATH_SEARCH_PATHS = "$(inherited) @executable_path/Frameworks @loader_path/Frameworks";
				PRODUCT_BUNDLE_IDENTIFIER = omniprotech.com.MapsIntagrationTests;
				PRODUCT_NAME = "$(TARGET_NAME)";
				SWIFT_VERSION = 3.0;
				TEST_HOST = "$(BUILT_PRODUCTS_DIR)/MapsIntagration.app/MapsIntagration";
			};
			name = Release;
		};
		EE1F8C0E1F6108AA001D473C /* Debug */ = {
			isa = XCBuildConfiguration;
			baseConfigurationReference = 05BFF8D14A1861792BF7DDA7 /* Pods-MapsIntagrationUITests.debug.xcconfig */;
			buildSettings = {
				ALWAYS_EMBED_SWIFT_STANDARD_LIBRARIES = YES;
				INFOPLIST_FILE = MapsIntagrationUITests/Info.plist;
				LD_RUNPATH_SEARCH_PATHS = "$(inherited) @executable_path/Frameworks @loader_path/Frameworks";
				PRODUCT_BUNDLE_IDENTIFIER = omniprotech.com.MapsIntagrationUITests;
				PRODUCT_NAME = "$(TARGET_NAME)";
				SWIFT_VERSION = 3.0;
				TEST_TARGET_NAME = MapsIntagration;
			};
			name = Debug;
		};
		EE1F8C0F1F6108AA001D473C /* Release */ = {
			isa = XCBuildConfiguration;
			baseConfigurationReference = 4AE7A68B9F4D5C040CC7D368 /* Pods-MapsIntagrationUITests.release.xcconfig */;
			buildSettings = {
				ALWAYS_EMBED_SWIFT_STANDARD_LIBRARIES = YES;
				INFOPLIST_FILE = MapsIntagrationUITests/Info.plist;
				LD_RUNPATH_SEARCH_PATHS = "$(inherited) @executable_path/Frameworks @loader_path/Frameworks";
				PRODUCT_BUNDLE_IDENTIFIER = omniprotech.com.MapsIntagrationUITests;
				PRODUCT_NAME = "$(TARGET_NAME)";
				SWIFT_VERSION = 3.0;
				TEST_TARGET_NAME = MapsIntagration;
			};
			name = Release;
		};
/* End XCBuildConfiguration section */

/* Begin XCConfigurationList section */
		EE1F8BDA1F6108A9001D473C /* Build configuration list for PBXProject "MapsIntagration" */ = {
			isa = XCConfigurationList;
			buildConfigurations = (
				EE1F8C051F6108AA001D473C /* Debug */,
				EE1F8C061F6108AA001D473C /* Release */,
			);
			defaultConfigurationIsVisible = 0;
			defaultConfigurationName = Release;
		};
		EE1F8C071F6108AA001D473C /* Build configuration list for PBXNativeTarget "MapsIntagration" */ = {
			isa = XCConfigurationList;
			buildConfigurations = (
				EE1F8C081F6108AA001D473C /* Debug */,
				EE1F8C091F6108AA001D473C /* Release */,
			);
			defaultConfigurationIsVisible = 0;
			defaultConfigurationName = Release;
		};
		EE1F8C0A1F6108AA001D473C /* Build configuration list for PBXNativeTarget "MapsIntagrationTests" */ = {
			isa = XCConfigurationList;
			buildConfigurations = (
				EE1F8C0B1F6108AA001D473C /* Debug */,
				EE1F8C0C1F6108AA001D473C /* Release */,
			);
			defaultConfigurationIsVisible = 0;
			defaultConfigurationName = Release;
		};
		EE1F8C0D1F6108AA001D473C /* Build configuration list for PBXNativeTarget "MapsIntagrationUITests" */ = {
			isa = XCConfigurationList;
			buildConfigurations = (
				EE1F8C0E1F6108AA001D473C /* Debug */,
				EE1F8C0F1F6108AA001D473C /* Release */,
			);
			defaultConfigurationIsVisible = 0;
			defaultConfigurationName = Release;
		};
/* End XCConfigurationList section */
	};
	rootObject = EE1F8BD71F6108A9001D473C /* Project object */;
}
